// !$*UTF8*$!
{
	archiveVersion = 1;
	classes = {
	};
	objectVersion = 56;
	objects = {

/* Begin PBXBuildFile section */
		067E8ABB2ADAE91C00203F27 /* DCARBApp.swift in Sources */ = {isa = PBXBuildFile; fileRef = 067E8ABA2ADAE91C00203F27 /* DCARBApp.swift */; };
		067E8ABD2ADAE91C00203F27 /* ContentView.swift in Sources */ = {isa = PBXBuildFile; fileRef = 067E8ABC2ADAE91C00203F27 /* ContentView.swift */; };
		067E8ABF2ADAE91F00203F27 /* Assets.xcassets in Resources */ = {isa = PBXBuildFile; fileRef = 067E8ABE2ADAE91F00203F27 /* Assets.xcassets */; };
		067E8AC22ADAE91F00203F27 /* Preview Assets.xcassets in Resources */ = {isa = PBXBuildFile; fileRef = 067E8AC12ADAE91F00203F27 /* Preview Assets.xcassets */; };
		067E8ACC2ADAE91F00203F27 /* DCARBTests.swift in Sources */ = {isa = PBXBuildFile; fileRef = 067E8ACB2ADAE91F00203F27 /* DCARBTests.swift */; };
		067E8AD62ADAE91F00203F27 /* DCARBUITests.swift in Sources */ = {isa = PBXBuildFile; fileRef = 067E8AD52ADAE91F00203F27 /* DCARBUITests.swift */; };
		067E8AD82ADAE91F00203F27 /* DCARBUITestsLaunchTests.swift in Sources */ = {isa = PBXBuildFile; fileRef = 067E8AD72ADAE91F00203F27 /* DCARBUITestsLaunchTests.swift */; };
/* End PBXBuildFile section */

/* Begin PBXContainerItemProxy section */
		067E8AC82ADAE91F00203F27 /* PBXContainerItemProxy */ = {
			isa = PBXContainerItemProxy;
			containerPortal = 067E8AAF2ADAE91C00203F27 /* Project object */;
			proxyType = 1;
			remoteGlobalIDString = 067E8AB62ADAE91C00203F27;
			remoteInfo = DCARB;
		};
		067E8AD22ADAE91F00203F27 /* PBXContainerItemProxy */ = {
			isa = PBXContainerItemProxy;
			containerPortal = 067E8AAF2ADAE91C00203F27 /* Project object */;
			proxyType = 1;
			remoteGlobalIDString = 067E8AB62ADAE91C00203F27;
			remoteInfo = DCARB;
		};
/* End PBXContainerItemProxy section */

/* Begin PBXFileReference section */
		067E8AB72ADAE91C00203F27 /* DCARB.app */ = {isa = PBXFileReference; explicitFileType = wrapper.application; includeInIndex = 0; path = DCARB.app; sourceTree = BUILT_PRODUCTS_DIR; };
		067E8ABA2ADAE91C00203F27 /* DCARBApp.swift */ = {isa = PBXFileReference; lastKnownFileType = sourcecode.swift; path = DCARBApp.swift; sourceTree = "<group>"; };
		067E8ABC2ADAE91C00203F27 /* ContentView.swift */ = {isa = PBXFileReference; lastKnownFileType = sourcecode.swift; path = ContentView.swift; sourceTree = "<group>"; };
		067E8ABE2ADAE91F00203F27 /* Assets.xcassets */ = {isa = PBXFileReference; lastKnownFileType = folder.assetcatalog; path = Assets.xcassets; sourceTree = "<group>"; };
		067E8AC12ADAE91F00203F27 /* Preview Assets.xcassets */ = {isa = PBXFileReference; lastKnownFileType = folder.assetcatalog; path = "Preview Assets.xcassets"; sourceTree = "<group>"; };
		067E8AC72ADAE91F00203F27 /* DCARBTests.xctest */ = {isa = PBXFileReference; explicitFileType = wrapper.cfbundle; includeInIndex = 0; path = DCARBTests.xctest; sourceTree = BUILT_PRODUCTS_DIR; };
		067E8ACB2ADAE91F00203F27 /* DCARBTests.swift */ = {isa = PBXFileReference; lastKnownFileType = sourcecode.swift; path = DCARBTests.swift; sourceTree = "<group>"; };
		067E8AD12ADAE91F00203F27 /* DCARBUITests.xctest */ = {isa = PBXFileReference; explicitFileType = wrapper.cfbundle; includeInIndex = 0; path = DCARBUITests.xctest; sourceTree = BUILT_PRODUCTS_DIR; };
		067E8AD52ADAE91F00203F27 /* DCARBUITests.swift */ = {isa = PBXFileReference; lastKnownFileType = sourcecode.swift; path = DCARBUITests.swift; sourceTree = "<group>"; };
		067E8AD72ADAE91F00203F27 /* DCARBUITestsLaunchTests.swift */ = {isa = PBXFileReference; lastKnownFileType = sourcecode.swift; path = DCARBUITestsLaunchTests.swift; sourceTree = "<group>"; };
/* End PBXFileReference section */

/* Begin PBXFrameworksBuildPhase section */
		067E8AB42ADAE91C00203F27 /* Frameworks */ = {
			isa = PBXFrameworksBuildPhase;
			buildActionMask = 2147483647;
			files = (
			);
			runOnlyForDeploymentPostprocessing = 0;
		};
		067E8AC42ADAE91F00203F27 /* Frameworks */ = {
			isa = PBXFrameworksBuildPhase;
			buildActionMask = 2147483647;
			files = (
			);
			runOnlyForDeploymentPostprocessing = 0;
		};
		067E8ACE2ADAE91F00203F27 /* Frameworks */ = {
			isa = PBXFrameworksBuildPhase;
			buildActionMask = 2147483647;
			files = (
			);
			runOnlyForDeploymentPostprocessing = 0;
		};
/* End PBXFrameworksBuildPhase section */

/* Begin PBXGroup section */
		067E8AAE2ADAE91C00203F27 = {
			isa = PBXGroup;
			children = (
				067E8AB92ADAE91C00203F27 /* DCARB */,
				067E8ACA2ADAE91F00203F27 /* DCARBTests */,
				067E8AD42ADAE91F00203F27 /* DCARBUITests */,
				067E8AB82ADAE91C00203F27 /* Products */,
			);
			sourceTree = "<group>";
		};
		067E8AB82ADAE91C00203F27 /* Products */ = {
			isa = PBXGroup;
			children = (
				067E8AB72ADAE91C00203F27 /* DCARB.app */,
				067E8AC72ADAE91F00203F27 /* DCARBTests.xctest */,
				067E8AD12ADAE91F00203F27 /* DCARBUITests.xctest */,
			);
			name = Products;
			sourceTree = "<group>";
		};
		067E8AB92ADAE91C00203F27 /* DCARB */ = {
			isa = PBXGroup;
			children = (
				067E8ABA2ADAE91C00203F27 /* DCARBApp.swift */,
				067E8ABC2ADAE91C00203F27 /* ContentView.swift */,
				067E8ABE2ADAE91F00203F27 /* Assets.xcassets */,
				067E8AC02ADAE91F00203F27 /* Preview Content */,
			);
			path = DCARB;
			sourceTree = "<group>";
		};
		067E8AC02ADAE91F00203F27 /* Preview Content */ = {
			isa = PBXGroup;
			children = (
				067E8AC12ADAE91F00203F27 /* Preview Assets.xcassets */,
			);
			path = "Preview Content";
			sourceTree = "<group>";
		};
		067E8ACA2ADAE91F00203F27 /* DCARBTests */ = {
			isa = PBXGroup;
			children = (
				067E8ACB2ADAE91F00203F27 /* DCARBTests.swift */,
			);
			path = DCARBTests;
			sourceTree = "<group>";
		};
		067E8AD42ADAE91F00203F27 /* DCARBUITests */ = {
			isa = PBXGroup;
			children = (
				067E8AD52ADAE91F00203F27 /* DCARBUITests.swift */,
				067E8AD72ADAE91F00203F27 /* DCARBUITestsLaunchTests.swift */,
			);
			path = DCARBUITests;
			sourceTree = "<group>";
		};
/* End PBXGroup section */

/* Begin PBXNativeTarget section */
		067E8AB62ADAE91C00203F27 /* DCARB */ = {
			isa = PBXNativeTarget;
			buildConfigurationList = 067E8ADB2ADAE91F00203F27 /* Build configuration list for PBXNativeTarget "DCARB" */;
			buildPhases = (
				067E8AB32ADAE91C00203F27 /* Sources */,
				067E8AB42ADAE91C00203F27 /* Frameworks */,
				067E8AB52ADAE91C00203F27 /* Resources */,
			);
			buildRules = (
			);
			dependencies = (
			);
			name = DCARB;
			productName = DCARB;
			productReference = 067E8AB72ADAE91C00203F27 /* DCARB.app */;
			productType = "com.apple.product-type.application";
		};
		067E8AC62ADAE91F00203F27 /* DCARBTests */ = {
			isa = PBXNativeTarget;
			buildConfigurationList = 067E8ADE2ADAE91F00203F27 /* Build configuration list for PBXNativeTarget "DCARBTests" */;
			buildPhases = (
				067E8AC32ADAE91F00203F27 /* Sources */,
				067E8AC42ADAE91F00203F27 /* Frameworks */,
				067E8AC52ADAE91F00203F27 /* Resources */,
			);
			buildRules = (
			);
			dependencies = (
				067E8AC92ADAE91F00203F27 /* PBXTargetDependency */,
			);
			name = DCARBTests;
			productName = DCARBTests;
			productReference = 067E8AC72ADAE91F00203F27 /* DCARBTests.xctest */;
			productType = "com.apple.product-type.bundle.unit-test";
		};
		067E8AD02ADAE91F00203F27 /* DCARBUITests */ = {
			isa = PBXNativeTarget;
			buildConfigurationList = 067E8AE12ADAE91F00203F27 /* Build configuration list for PBXNativeTarget "DCARBUITests" */;
			buildPhases = (
				067E8ACD2ADAE91F00203F27 /* Sources */,
				067E8ACE2ADAE91F00203F27 /* Frameworks */,
				067E8ACF2ADAE91F00203F27 /* Resources */,
			);
			buildRules = (
			);
			dependencies = (
				067E8AD32ADAE91F00203F27 /* PBXTargetDependency */,
			);
			name = DCARBUITests;
			productName = DCARBUITests;
			productReference = 067E8AD12ADAE91F00203F27 /* DCARBUITests.xctest */;
			productType = "com.apple.product-type.bundle.ui-testing";
		};
/* End PBXNativeTarget section */

/* Begin PBXProject section */
		067E8AAF2ADAE91C00203F27 /* Project object */ = {
			isa = PBXProject;
			attributes = {
				BuildIndependentTargetsInParallel = 1;
				LastSwiftUpdateCheck = 1430;
				LastUpgradeCheck = 1430;
				TargetAttributes = {
					067E8AB62ADAE91C00203F27 = {
						CreatedOnToolsVersion = 14.3.1;
					};
					067E8AC62ADAE91F00203F27 = {
						CreatedOnToolsVersion = 14.3.1;
						TestTargetID = 067E8AB62ADAE91C00203F27;
					};
					067E8AD02ADAE91F00203F27 = {
						CreatedOnToolsVersion = 14.3.1;
						TestTargetID = 067E8AB62ADAE91C00203F27;
					};
				};
			};
			buildConfigurationList = 067E8AB22ADAE91C00203F27 /* Build configuration list for PBXProject "DCARB" */;
			compatibilityVersion = "Xcode 14.0";
			developmentRegion = en;
			hasScannedForEncodings = 0;
			knownRegions = (
				en,
				Base,
			);
			mainGroup = 067E8AAE2ADAE91C00203F27;
			productRefGroup = 067E8AB82ADAE91C00203F27 /* Products */;
			projectDirPath = "";
			projectRoot = "";
			targets = (
				067E8AB62ADAE91C00203F27 /* DCARB */,
				067E8AC62ADAE91F00203F27 /* DCARBTests */,
				067E8AD02ADAE91F00203F27 /* DCARBUITests */,
			);
		};
/* End PBXProject section */

/* Begin PBXResourcesBuildPhase section */
		067E8AB52ADAE91C00203F27 /* Resources */ = {
			isa = PBXResourcesBuildPhase;
			buildActionMask = 2147483647;
			files = (
				067E8AC22ADAE91F00203F27 /* Preview Assets.xcassets in Resources */,
				067E8ABF2ADAE91F00203F27 /* Assets.xcassets in Resources */,
			);
			runOnlyForDeploymentPostprocessing = 0;
		};
		067E8AC52ADAE91F00203F27 /* Resources */ = {
			isa = PBXResourcesBuildPhase;
			buildActionMask = 2147483647;
			files = (
			);
			runOnlyForDeploymentPostprocessing = 0;
		};
		067E8ACF2ADAE91F00203F27 /* Resources */ = {
			isa = PBXResourcesBuildPhase;
			buildActionMask = 2147483647;
			files = (
			);
			runOnlyForDeploymentPostprocessing = 0;
		};
/* End PBXResourcesBuildPhase section */

/* Begin PBXSourcesBuildPhase section */
		067E8AB32ADAE91C00203F27 /* Sources */ = {
			isa = PBXSourcesBuildPhase;
			buildActionMask = 2147483647;
			files = (
				067E8ABD2ADAE91C00203F27 /* ContentView.swift in Sources */,
				067E8ABB2ADAE91C00203F27 /* DCARBApp.swift in Sources */,
			);
			runOnlyForDeploymentPostprocessing = 0;
		};
		067E8AC32ADAE91F00203F27 /* Sources */ = {
			isa = PBXSourcesBuildPhase;
			buildActionMask = 2147483647;
			files = (
				067E8ACC2ADAE91F00203F27 /* DCARBTests.swift in Sources */,
			);
			runOnlyForDeploymentPostprocessing = 0;
		};
		067E8ACD2ADAE91F00203F27 /* Sources */ = {
			isa = PBXSourcesBuildPhase;
			buildActionMask = 2147483647;
			files = (
				067E8AD62ADAE91F00203F27 /* DCARBUITests.swift in Sources */,
				067E8AD82ADAE91F00203F27 /* DCARBUITestsLaunchTests.swift in Sources */,
			);
			runOnlyForDeploymentPostprocessing = 0;
		};
/* End PBXSourcesBuildPhase section */

/* Begin PBXTargetDependency section */
		067E8AC92ADAE91F00203F27 /* PBXTargetDependency */ = {
			isa = PBXTargetDependency;
			target = 067E8AB62ADAE91C00203F27 /* DCARB */;
			targetProxy = 067E8AC82ADAE91F00203F27 /* PBXContainerItemProxy */;
		};
		067E8AD32ADAE91F00203F27 /* PBXTargetDependency */ = {
			isa = PBXTargetDependency;
			target = 067E8AB62ADAE91C00203F27 /* DCARB */;
			targetProxy = 067E8AD22ADAE91F00203F27 /* PBXContainerItemProxy */;
		};
/* End PBXTargetDependency section */

/* Begin XCBuildConfiguration section */
		067E8AD92ADAE91F00203F27 /* Debug */ = {
			isa = XCBuildConfiguration;
			buildSettings = {
				ALWAYS_SEARCH_USER_PATHS = NO;
				CLANG_ANALYZER_NONNULL = YES;
				CLANG_ANALYZER_NUMBER_OBJECT_CONVERSION = YES_AGGRESSIVE;
				CLANG_CXX_LANGUAGE_STANDARD = "gnu++20";
				CLANG_ENABLE_MODULES = YES;
				CLANG_ENABLE_OBJC_ARC = YES;
				CLANG_ENABLE_OBJC_WEAK = YES;
				CLANG_WARN_BLOCK_CAPTURE_AUTORELEASING = YES;
				CLANG_WARN_BOOL_CONVERSION = YES;
				CLANG_WARN_COMMA = YES;
				CLANG_WARN_CONSTANT_CONVERSION = YES;
				CLANG_WARN_DEPRECATED_OBJC_IMPLEMENTATIONS = YES;
				CLANG_WARN_DIRECT_OBJC_ISA_USAGE = YES_ERROR;
				CLANG_WARN_DOCUMENTATION_COMMENTS = YES;
				CLANG_WARN_EMPTY_BODY = YES;
				CLANG_WARN_ENUM_CONVERSION = YES;
				CLANG_WARN_INFINITE_RECURSION = YES;
				CLANG_WARN_INT_CONVERSION = YES;
				CLANG_WARN_NON_LITERAL_NULL_CONVERSION = YES;
				CLANG_WARN_OBJC_IMPLICIT_RETAIN_SELF = YES;
				CLANG_WARN_OBJC_LITERAL_CONVERSION = YES;
				CLANG_WARN_OBJC_ROOT_CLASS = YES_ERROR;
				CLANG_WARN_QUOTED_INCLUDE_IN_FRAMEWORK_HEADER = YES;
				CLANG_WARN_RANGE_LOOP_ANALYSIS = YES;
				CLANG_WARN_STRICT_PROTOTYPES = YES;
				CLANG_WARN_SUSPICIOUS_MOVE = YES;
				CLANG_WARN_UNGUARDED_AVAILABILITY = YES_AGGRESSIVE;
				CLANG_WARN_UNREACHABLE_CODE = YES;
				CLANG_WARN__DUPLICATE_METHOD_MATCH = YES;
				COPY_PHASE_STRIP = NO;
				DEBUG_INFORMATION_FORMAT = dwarf;
				ENABLE_STRICT_OBJC_MSGSEND = YES;
				ENABLE_TESTABILITY = YES;
				GCC_C_LANGUAGE_STANDARD = gnu11;
				GCC_DYNAMIC_NO_PIC = NO;
				GCC_NO_COMMON_BLOCKS = YES;
				GCC_OPTIMIZATION_LEVEL = 0;
				GCC_PREPROCESSOR_DEFINITIONS = (
					"DEBUG=1",
					"$(inherited)",
				);
				GCC_WARN_64_TO_32_BIT_CONVERSION = YES;
				GCC_WARN_ABOUT_RETURN_TYPE = YES_ERROR;
				GCC_WARN_UNDECLARED_SELECTOR = YES;
				GCC_WARN_UNINITIALIZED_AUTOS = YES_AGGRESSIVE;
				GCC_WARN_UNUSED_FUNCTION = YES;
				GCC_WARN_UNUSED_VARIABLE = YES;
				IPHONEOS_DEPLOYMENT_TARGET = 16.4;
				MTL_ENABLE_DEBUG_INFO = INCLUDE_SOURCE;
				MTL_FAST_MATH = YES;
				ONLY_ACTIVE_ARCH = YES;
				SDKROOT = iphoneos;
				SWIFT_ACTIVE_COMPILATION_CONDITIONS = DEBUG;
				SWIFT_OPTIMIZATION_LEVEL = "-Onone";
			};
			name = Debug;
		};
		067E8ADA2ADAE91F00203F27 /* Release */ = {
			isa = XCBuildConfiguration;
			buildSettings = {
				ALWAYS_SEARCH_USER_PATHS = NO;
				CLANG_ANALYZER_NONNULL = YES;
				CLANG_ANALYZER_NUMBER_OBJECT_CONVERSION = YES_AGGRESSIVE;
				CLANG_CXX_LANGUAGE_STANDARD = "gnu++20";
				CLANG_ENABLE_MODULES = YES;
				CLANG_ENABLE_OBJC_ARC = YES;
				CLANG_ENABLE_OBJC_WEAK = YES;
				CLANG_WARN_BLOCK_CAPTURE_AUTORELEASING = YES;
				CLANG_WARN_BOOL_CONVERSION = YES;
				CLANG_WARN_COMMA = YES;
				CLANG_WARN_CONSTANT_CONVERSION = YES;
				CLANG_WARN_DEPRECATED_OBJC_IMPLEMENTATIONS = YES;
				CLANG_WARN_DIRECT_OBJC_ISA_USAGE = YES_ERROR;
				CLANG_WARN_DOCUMENTATION_COMMENTS = YES;
				CLANG_WARN_EMPTY_BODY = YES;
				CLANG_WARN_ENUM_CONVERSION = YES;
				CLANG_WARN_INFINITE_RECURSION = YES;
				CLANG_WARN_INT_CONVERSION = YES;
				CLANG_WARN_NON_LITERAL_NULL_CONVERSION = YES;
				CLANG_WARN_OBJC_IMPLICIT_RETAIN_SELF = YES;
				CLANG_WARN_OBJC_LITERAL_CONVERSION = YES;
				CLANG_WARN_OBJC_ROOT_CLASS = YES_ERROR;
				CLANG_WARN_QUOTED_INCLUDE_IN_FRAMEWORK_HEADER = YES;
				CLANG_WARN_RANGE_LOOP_ANALYSIS = YES;
				CLANG_WARN_STRICT_PROTOTYPES = YES;
				CLANG_WARN_SUSPICIOUS_MOVE = YES;
				CLANG_WARN_UNGUARDED_AVAILABILITY = YES_AGGRESSIVE;
				CLANG_WARN_UNREACHABLE_CODE = YES;
				CLANG_WARN__DUPLICATE_METHOD_MATCH = YES;
				COPY_PHASE_STRIP = NO;
				DEBUG_INFORMATION_FORMAT = "dwarf-with-dsym";
				ENABLE_NS_ASSERTIONS = NO;
				ENABLE_STRICT_OBJC_MSGSEND = YES;
				GCC_C_LANGUAGE_STANDARD = gnu11;
				GCC_NO_COMMON_BLOCKS = YES;
				GCC_WARN_64_TO_32_BIT_CONVERSION = YES;
				GCC_WARN_ABOUT_RETURN_TYPE = YES_ERROR;
				GCC_WARN_UNDECLARED_SELECTOR = YES;
				GCC_WARN_UNINITIALIZED_AUTOS = YES_AGGRESSIVE;
				GCC_WARN_UNUSED_FUNCTION = YES;
				GCC_WARN_UNUSED_VARIABLE = YES;
				IPHONEOS_DEPLOYMENT_TARGET = 16.4;
				MTL_ENABLE_DEBUG_INFO = NO;
				MTL_FAST_MATH = YES;
				SDKROOT = iphoneos;
				SWIFT_COMPILATION_MODE = wholemodule;
				SWIFT_OPTIMIZATION_LEVEL = "-O";
				VALIDATE_PRODUCT = YES;
			};
			name = Release;
		};
		067E8ADC2ADAE91F00203F27 /* Debug */ = {
			isa = XCBuildConfiguration;
			buildSettings = {
				ASSETCATALOG_COMPILER_APPICON_NAME = AppIcon;
				ASSETCATALOG_COMPILER_GLOBAL_ACCENT_COLOR_NAME = AccentColor;
				CODE_SIGN_STYLE = Automatic;
				CURRENT_PROJECT_VERSION = 1;
				DEVELOPMENT_ASSET_PATHS = "\"DCARB/Preview Content\"";
				DEVELOPMENT_TEAM = 8QH9YSPT6R;
				ENABLE_PREVIEWS = YES;
				GENERATE_INFOPLIST_FILE = YES;
				INFOPLIST_KEY_UIApplicationSceneManifest_Generation = YES;
				INFOPLIST_KEY_UIApplicationSupportsIndirectInputEvents = YES;
				INFOPLIST_KEY_UILaunchScreen_Generation = YES;
				INFOPLIST_KEY_UISupportedInterfaceOrientations_iPad = "UIInterfaceOrientationPortrait UIInterfaceOrientationPortraitUpsideDown UIInterfaceOrientationLandscapeLeft UIInterfaceOrientationLandscapeRight";
				INFOPLIST_KEY_UISupportedInterfaceOrientations_iPhone = "UIInterfaceOrientationPortrait UIInterfaceOrientationLandscapeLeft UIInterfaceOrientationLandscapeRight";
				LD_RUNPATH_SEARCH_PATHS = (
					"$(inherited)",
					"@executable_path/Frameworks",
				);
				MARKETING_VERSION = 1.0;
				PRODUCT_BUNDLE_IDENTIFIER = Nanda.DCARB;
				PRODUCT_NAME = "$(TARGET_NAME)";
				SWIFT_EMIT_LOC_STRINGS = YES;
				SWIFT_VERSION = 5.0;
				TARGETED_DEVICE_FAMILY = "1,2";
			};
			name = Debug;
		};
		067E8ADD2ADAE91F00203F27 /* Release */ = {
			isa = XCBuildConfiguration;
			buildSettings = {
				ASSETCATALOG_COMPILER_APPICON_NAME = AppIcon;
				ASSETCATALOG_COMPILER_GLOBAL_ACCENT_COLOR_NAME = AccentColor;
				CODE_SIGN_STYLE = Automatic;
				CURRENT_PROJECT_VERSION = 1;
				DEVELOPMENT_ASSET_PATHS = "\"DCARB/Preview Content\"";
				DEVELOPMENT_TEAM = 8QH9YSPT6R;
				ENABLE_PREVIEWS = YES;
				GENERATE_INFOPLIST_FILE = YES;
				INFOPLIST_KEY_UIApplicationSceneManifest_Generation = YES;
				INFOPLIST_KEY_UIApplicationSupportsIndirectInputEvents = YES;
				INFOPLIST_KEY_UILaunchScreen_Generation = YES;
				INFOPLIST_KEY_UISupportedInterfaceOrientations_iPad = "UIInterfaceOrientationPortrait UIInterfaceOrientationPortraitUpsideDown UIInterfaceOrientationLandscapeLeft UIInterfaceOrientationLandscapeRight";
				INFOPLIST_KEY_UISupportedInterfaceOrientations_iPhone = "UIInterfaceOrientationPortrait UIInterfaceOrientationLandscapeLeft UIInterfaceOrientationLandscapeRight";
				LD_RUNPATH_SEARCH_PATHS = (
					"$(inherited)",
					"@executable_path/Frameworks",
				);
				MARKETING_VERSION = 1.0;
				PRODUCT_BUNDLE_IDENTIFIER = Nanda.DCARB;
				PRODUCT_NAME = "$(TARGET_NAME)";
				SWIFT_EMIT_LOC_STRINGS = YES;
				SWIFT_VERSION = 5.0;
				TARGETED_DEVICE_FAMILY = "1,2";
			};
			name = Release;
		};
		067E8ADF2ADAE91F00203F27 /* Debug */ = {
			isa = XCBuildConfiguration;
			buildSettings = {
				ALWAYS_EMBED_SWIFT_STANDARD_LIBRARIES = YES;
				BUNDLE_LOADER = "$(TEST_HOST)";
				CODE_SIGN_STYLE = Automatic;
				CURRENT_PROJECT_VERSION = 1;
				DEVELOPMENT_TEAM = 8QH9YSPT6R;
				GENERATE_INFOPLIST_FILE = YES;
				IPHONEOS_DEPLOYMENT_TARGET = 16.4;
				MARKETING_VERSION = 1.0;
				PRODUCT_BUNDLE_IDENTIFIER = Nanda.DCARBTests;
				PRODUCT_NAME = "$(TARGET_NAME)";
				SWIFT_EMIT_LOC_STRINGS = NO;
				SWIFT_VERSION = 5.0;
				TARGETED_DEVICE_FAMILY = "1,2";
				TEST_HOST = "$(BUILT_PRODUCTS_DIR)/DCARB.app/$(BUNDLE_EXECUTABLE_FOLDER_PATH)/DCARB";
			};
			name = Debug;
		};
		067E8AE02ADAE91F00203F27 /* Release */ = {
			isa = XCBuildConfiguration;
			buildSettings = {
				ALWAYS_EMBED_SWIFT_STANDARD_LIBRARIES = YES;
				BUNDLE_LOADER = "$(TEST_HOST)";
				CODE_SIGN_STYLE = Automatic;
				CURRENT_PROJECT_VERSION = 1;
				DEVELOPMENT_TEAM = 8QH9YSPT6R;
				GENERATE_INFOPLIST_FILE = YES;
				IPHONEOS_DEPLOYMENT_TARGET = 16.4;
				MARKETING_VERSION = 1.0;
				PRODUCT_BUNDLE_IDENTIFIER = Nanda.DCARBTests;
				PRODUCT_NAME = "$(TARGET_NAME)";
				SWIFT_EMIT_LOC_STRINGS = NO;
				SWIFT_VERSION = 5.0;
				TARGETED_DEVICE_FAMILY = "1,2";
				TEST_HOST = "$(BUILT_PRODUCTS_DIR)/DCARB.app/$(BUNDLE_EXECUTABLE_FOLDER_PATH)/DCARB";
			};
			name = Release;
		};
		067E8AE22ADAE91F00203F27 /* Debug */ = {
			isa = XCBuildConfiguration;
			buildSettings = {
				ALWAYS_EMBED_SWIFT_STANDARD_LIBRARIES = YES;
				CODE_SIGN_STYLE = Automatic;
				CURRENT_PROJECT_VERSION = 1;
				DEVELOPMENT_TEAM = 8QH9YSPT6R;
				GENERATE_INFOPLIST_FILE = YES;
				MARKETING_VERSION = 1.0;
				PRODUCT_BUNDLE_IDENTIFIER = Nanda.DCARBUITests;
				PRODUCT_NAME = "$(TARGET_NAME)";
				SWIFT_EMIT_LOC_STRINGS = NO;
				SWIFT_VERSION = 5.0;
				TARGETED_DEVICE_FAMILY = "1,2";
				TEST_TARGET_NAME = DCARB;
			};
			name = Debug;
		};
		067E8AE32ADAE91F00203F27 /* Release */ = {
			isa = XCBuildConfiguration;
			buildSettings = {
				ALWAYS_EMBED_SWIFT_STANDARD_LIBRARIES = YES;
				CODE_SIGN_STYLE = Automatic;
				CURRENT_PROJECT_VERSION = 1;
				DEVELOPMENT_TEAM = 8QH9YSPT6R;
				GENERATE_INFOPLIST_FILE = YES;
				MARKETING_VERSION = 1.0;
				PRODUCT_BUNDLE_IDENTIFIER = Nanda.DCARBUITests;
				PRODUCT_NAME = "$(TARGET_NAME)";
				SWIFT_EMIT_LOC_STRINGS = NO;
				SWIFT_VERSION = 5.0;
				TARGETED_DEVICE_FAMILY = "1,2";
				TEST_TARGET_NAME = DCARB;
			};
			name = Release;
		};
/* End XCBuildConfiguration section */

/* Begin XCConfigurationList section */
		067E8AB22ADAE91C00203F27 /* Build configuration list for PBXProject "DCARB" */ = {
			isa = XCConfigurationList;
			buildConfigurations = (
				067E8AD92ADAE91F00203F27 /* Debug */,
				067E8ADA2ADAE91F00203F27 /* Release */,
			);
			defaultConfigurationIsVisible = 0;
			defaultConfigurationName = Release;
		};
		067E8ADB2ADAE91F00203F27 /* Build configuration list for PBXNativeTarget "DCARB" */ = {
			isa = XCConfigurationList;
			buildConfigurations = (
				067E8ADC2ADAE91F00203F27 /* Debug */,
				067E8ADD2ADAE91F00203F27 /* Release */,
			);
			defaultConfigurationIsVisible = 0;
			defaultConfigurationName = Release;
		};
		067E8ADE2ADAE91F00203F27 /* Build configuration list for PBXNativeTarget "DCARBTests" */ = {
			isa = XCConfigurationList;
			buildConfigurations = (
				067E8ADF2ADAE91F00203F27 /* Debug */,
				067E8AE02ADAE91F00203F27 /* Release */,
			);
			defaultConfigurationIsVisible = 0;
			defaultConfigurationName = Release;
		};
		067E8AE12ADAE91F00203F27 /* Build configuration list for PBXNativeTarget "DCARBUITests" */ = {
			isa = XCConfigurationList;
			buildConfigurations = (
				067E8AE22ADAE91F00203F27 /* Debug */,
				067E8AE32ADAE91F00203F27 /* Release */,
			);
			defaultConfigurationIsVisible = 0;
			defaultConfigurationName = Release;
		};
/* End XCConfigurationList section */
	};
	rootObject = 067E8AAF2ADAE91C00203F27 /* Project object */;
}
