// !$*UTF8*$!
{
	archiveVersion = 1;
	classes = {
	};
	objectVersion = 56;
	objects = {

/* Begin PBXBuildFile section */
		067E8ABB2ADAE91C00203F27 /* DCARBApp.swift in Sources */ = {isa = PBXBuildFile; fileRef = 067E8ABA2ADAE91C00203F27 /* DCARBApp.swift */; };
		067E8ABF2ADAE91F00203F27 /* Assets.xcassets in Resources */ = {isa = PBXBuildFile; fileRef = 067E8ABE2ADAE91F00203F27 /* Assets.xcassets */; };
		067E8AC22ADAE91F00203F27 /* Preview Assets.xcassets in Resources */ = {isa = PBXBuildFile; fileRef = 067E8AC12ADAE91F00203F27 /* Preview Assets.xcassets */; };
		067E8ACC2ADAE91F00203F27 /* DCARBTests.swift in Sources */ = {isa = PBXBuildFile; fileRef = 067E8ACB2ADAE91F00203F27 /* DCARBTests.swift */; };
		067E8AD62ADAE91F00203F27 /* DCARBUITests.swift in Sources */ = {isa = PBXBuildFile; fileRef = 067E8AD52ADAE91F00203F27 /* DCARBUITests.swift */; };
		067E8AD82ADAE91F00203F27 /* DCARBUITestsLaunchTests.swift in Sources */ = {isa = PBXBuildFile; fileRef = 067E8AD72ADAE91F00203F27 /* DCARBUITestsLaunchTests.swift */; };
		067E8AE62ADAEEF900203F27 /* FirebaseAnalytics in Frameworks */ = {isa = PBXBuildFile; productRef = 067E8AE52ADAEEF900203F27 /* FirebaseAnalytics */; };
		067E8AE82ADAEEF900203F27 /* FirebaseAnalyticsOnDeviceConversion in Frameworks */ = {isa = PBXBuildFile; productRef = 067E8AE72ADAEEF900203F27 /* FirebaseAnalyticsOnDeviceConversion */; };
		067E8AEA2ADAEEF900203F27 /* FirebaseAnalyticsSwift in Frameworks */ = {isa = PBXBuildFile; productRef = 067E8AE92ADAEEF900203F27 /* FirebaseAnalyticsSwift */; };
		067E8AEC2ADAEEF900203F27 /* FirebaseAnalyticsWithoutAdIdSupport in Frameworks */ = {isa = PBXBuildFile; productRef = 067E8AEB2ADAEEF900203F27 /* FirebaseAnalyticsWithoutAdIdSupport */; };
		067E8AEE2ADAEEF900203F27 /* FirebaseAppCheck in Frameworks */ = {isa = PBXBuildFile; productRef = 067E8AED2ADAEEF900203F27 /* FirebaseAppCheck */; };
		067E8AF02ADAEEF900203F27 /* FirebaseAppDistribution-Beta in Frameworks */ = {isa = PBXBuildFile; productRef = 067E8AEF2ADAEEF900203F27 /* FirebaseAppDistribution-Beta */; };
		067E8AF22ADAEEF900203F27 /* FirebaseAuth in Frameworks */ = {isa = PBXBuildFile; productRef = 067E8AF12ADAEEF900203F27 /* FirebaseAuth */; };
		067E8AF42ADAEEF900203F27 /* FirebaseAuthCombine-Community in Frameworks */ = {isa = PBXBuildFile; productRef = 067E8AF32ADAEEF900203F27 /* FirebaseAuthCombine-Community */; };
		067E8AF62ADAEEF900203F27 /* FirebaseCrashlytics in Frameworks */ = {isa = PBXBuildFile; productRef = 067E8AF52ADAEEF900203F27 /* FirebaseCrashlytics */; };
		067E8AF82ADAEEF900203F27 /* FirebaseDatabase in Frameworks */ = {isa = PBXBuildFile; productRef = 067E8AF72ADAEEF900203F27 /* FirebaseDatabase */; };
		067E8AFA2ADAEEF900203F27 /* FirebaseDatabaseSwift in Frameworks */ = {isa = PBXBuildFile; productRef = 067E8AF92ADAEEF900203F27 /* FirebaseDatabaseSwift */; };
		067E8AFC2ADAEEF900203F27 /* FirebaseDynamicLinks in Frameworks */ = {isa = PBXBuildFile; productRef = 067E8AFB2ADAEEF900203F27 /* FirebaseDynamicLinks */; };
		067E8AFE2ADAEEF900203F27 /* FirebaseFirestore in Frameworks */ = {isa = PBXBuildFile; productRef = 067E8AFD2ADAEEF900203F27 /* FirebaseFirestore */; };
		067E8B002ADAEEF900203F27 /* FirebaseFirestoreCombine-Community in Frameworks */ = {isa = PBXBuildFile; productRef = 067E8AFF2ADAEEF900203F27 /* FirebaseFirestoreCombine-Community */; };
		067E8B022ADAEEF900203F27 /* FirebaseFirestoreSwift in Frameworks */ = {isa = PBXBuildFile; productRef = 067E8B012ADAEEF900203F27 /* FirebaseFirestoreSwift */; };
		067E8B042ADAEEF900203F27 /* FirebaseFunctions in Frameworks */ = {isa = PBXBuildFile; productRef = 067E8B032ADAEEF900203F27 /* FirebaseFunctions */; };
		067E8B062ADAEEF900203F27 /* FirebaseFunctionsCombine-Community in Frameworks */ = {isa = PBXBuildFile; productRef = 067E8B052ADAEEF900203F27 /* FirebaseFunctionsCombine-Community */; };
		067E8B082ADAEEF900203F27 /* FirebaseInAppMessaging-Beta in Frameworks */ = {isa = PBXBuildFile; productRef = 067E8B072ADAEEF900203F27 /* FirebaseInAppMessaging-Beta */; };
		067E8B0A2ADAEEF900203F27 /* FirebaseInAppMessagingSwift-Beta in Frameworks */ = {isa = PBXBuildFile; productRef = 067E8B092ADAEEF900203F27 /* FirebaseInAppMessagingSwift-Beta */; };
		067E8B0C2ADAEEF900203F27 /* FirebaseInstallations in Frameworks */ = {isa = PBXBuildFile; productRef = 067E8B0B2ADAEEF900203F27 /* FirebaseInstallations */; };
		067E8B0E2ADAEEF900203F27 /* FirebaseMLModelDownloader in Frameworks */ = {isa = PBXBuildFile; productRef = 067E8B0D2ADAEEF900203F27 /* FirebaseMLModelDownloader */; };
		067E8B102ADAEEF900203F27 /* FirebaseMessaging in Frameworks */ = {isa = PBXBuildFile; productRef = 067E8B0F2ADAEEF900203F27 /* FirebaseMessaging */; };
		067E8B122ADAEEF900203F27 /* FirebasePerformance in Frameworks */ = {isa = PBXBuildFile; productRef = 067E8B112ADAEEF900203F27 /* FirebasePerformance */; };
		067E8B142ADAEEF900203F27 /* FirebaseRemoteConfig in Frameworks */ = {isa = PBXBuildFile; productRef = 067E8B132ADAEEF900203F27 /* FirebaseRemoteConfig */; };
		067E8B162ADAEEF900203F27 /* FirebaseRemoteConfigSwift in Frameworks */ = {isa = PBXBuildFile; productRef = 067E8B152ADAEEF900203F27 /* FirebaseRemoteConfigSwift */; };
		067E8B182ADAEEF900203F27 /* FirebaseStorage in Frameworks */ = {isa = PBXBuildFile; productRef = 067E8B172ADAEEF900203F27 /* FirebaseStorage */; };
		067E8B1A2ADAEEF900203F27 /* FirebaseStorageCombine-Community in Frameworks */ = {isa = PBXBuildFile; productRef = 067E8B192ADAEEF900203F27 /* FirebaseStorageCombine-Community */; };
		067E8B1C2ADAF01500203F27 /* ContentView.swift in Sources */ = {isa = PBXBuildFile; fileRef = 067E8B1B2ADAF01500203F27 /* ContentView.swift */; };
/* End PBXBuildFile section */

/* Begin PBXContainerItemProxy section */
		067E8AC82ADAE91F00203F27 /* PBXContainerItemProxy */ = {
			isa = PBXContainerItemProxy;
			containerPortal = 067E8AAF2ADAE91C00203F27 /* Project object */;
			proxyType = 1;
			remoteGlobalIDString = 067E8AB62ADAE91C00203F27;
			remoteInfo = DCARB;
		};
		067E8AD22ADAE91F00203F27 /* PBXContainerItemProxy */ = {
			isa = PBXContainerItemProxy;
			containerPortal = 067E8AAF2ADAE91C00203F27 /* Project object */;
			proxyType = 1;
			remoteGlobalIDString = 067E8AB62ADAE91C00203F27;
			remoteInfo = DCARB;
		};
/* End PBXContainerItemProxy section */

/* Begin PBXFileReference section */
		067E8AB72ADAE91C00203F27 /* DCARB.app */ = {isa = PBXFileReference; explicitFileType = wrapper.application; includeInIndex = 0; path = DCARB.app; sourceTree = BUILT_PRODUCTS_DIR; };
		067E8ABA2ADAE91C00203F27 /* DCARBApp.swift */ = {isa = PBXFileReference; lastKnownFileType = sourcecode.swift; path = DCARBApp.swift; sourceTree = "<group>"; };
		067E8ABE2ADAE91F00203F27 /* Assets.xcassets */ = {isa = PBXFileReference; lastKnownFileType = folder.assetcatalog; path = Assets.xcassets; sourceTree = "<group>"; };
		067E8AC12ADAE91F00203F27 /* Preview Assets.xcassets */ = {isa = PBXFileReference; lastKnownFileType = folder.assetcatalog; path = "Preview Assets.xcassets"; sourceTree = "<group>"; };
		067E8AC72ADAE91F00203F27 /* DCARBTests.xctest */ = {isa = PBXFileReference; explicitFileType = wrapper.cfbundle; includeInIndex = 0; path = DCARBTests.xctest; sourceTree = BUILT_PRODUCTS_DIR; };
		067E8ACB2ADAE91F00203F27 /* DCARBTests.swift */ = {isa = PBXFileReference; lastKnownFileType = sourcecode.swift; path = DCARBTests.swift; sourceTree = "<group>"; };
		067E8AD12ADAE91F00203F27 /* DCARBUITests.xctest */ = {isa = PBXFileReference; explicitFileType = wrapper.cfbundle; includeInIndex = 0; path = DCARBUITests.xctest; sourceTree = BUILT_PRODUCTS_DIR; };
		067E8AD52ADAE91F00203F27 /* DCARBUITests.swift */ = {isa = PBXFileReference; lastKnownFileType = sourcecode.swift; path = DCARBUITests.swift; sourceTree = "<group>"; };
		067E8AD72ADAE91F00203F27 /* DCARBUITestsLaunchTests.swift */ = {isa = PBXFileReference; lastKnownFileType = sourcecode.swift; path = DCARBUITestsLaunchTests.swift; sourceTree = "<group>"; };
		067E8B1B2ADAF01500203F27 /* ContentView.swift */ = {isa = PBXFileReference; lastKnownFileType = sourcecode.swift; path = ContentView.swift; sourceTree = "<group>"; };
/* End PBXFileReference section */

/* Begin PBXFrameworksBuildPhase section */
		067E8AB42ADAE91C00203F27 /* Frameworks */ = {
			isa = PBXFrameworksBuildPhase;
			buildActionMask = 2147483647;
			files = (
				067E8AF82ADAEEF900203F27 /* FirebaseDatabase in Frameworks */,
				067E8B062ADAEEF900203F27 /* FirebaseFunctionsCombine-Community in Frameworks */,
				067E8AFE2ADAEEF900203F27 /* FirebaseFirestore in Frameworks */,
				067E8AEA2ADAEEF900203F27 /* FirebaseAnalyticsSwift in Frameworks */,
				067E8AE62ADAEEF900203F27 /* FirebaseAnalytics in Frameworks */,
				067E8AE82ADAEEF900203F27 /* FirebaseAnalyticsOnDeviceConversion in Frameworks */,
				067E8B0E2ADAEEF900203F27 /* FirebaseMLModelDownloader in Frameworks */,
				067E8B022ADAEEF900203F27 /* FirebaseFirestoreSwift in Frameworks */,
				067E8AEE2ADAEEF900203F27 /* FirebaseAppCheck in Frameworks */,
				067E8AEC2ADAEEF900203F27 /* FirebaseAnalyticsWithoutAdIdSupport in Frameworks */,
				067E8AF22ADAEEF900203F27 /* FirebaseAuth in Frameworks */,
				067E8AF62ADAEEF900203F27 /* FirebaseCrashlytics in Frameworks */,
				067E8B162ADAEEF900203F27 /* FirebaseRemoteConfigSwift in Frameworks */,
				067E8B082ADAEEF900203F27 /* FirebaseInAppMessaging-Beta in Frameworks */,
				067E8AFA2ADAEEF900203F27 /* FirebaseDatabaseSwift in Frameworks */,
				067E8B042ADAEEF900203F27 /* FirebaseFunctions in Frameworks */,
				067E8B1A2ADAEEF900203F27 /* FirebaseStorageCombine-Community in Frameworks */,
				067E8B142ADAEEF900203F27 /* FirebaseRemoteConfig in Frameworks */,
				067E8AF02ADAEEF900203F27 /* FirebaseAppDistribution-Beta in Frameworks */,
				067E8AF42ADAEEF900203F27 /* FirebaseAuthCombine-Community in Frameworks */,
				067E8B122ADAEEF900203F27 /* FirebasePerformance in Frameworks */,
				067E8B0A2ADAEEF900203F27 /* FirebaseInAppMessagingSwift-Beta in Frameworks */,
				067E8B182ADAEEF900203F27 /* FirebaseStorage in Frameworks */,
				067E8AFC2ADAEEF900203F27 /* FirebaseDynamicLinks in Frameworks */,
				067E8B002ADAEEF900203F27 /* FirebaseFirestoreCombine-Community in Frameworks */,
				067E8B102ADAEEF900203F27 /* FirebaseMessaging in Frameworks */,
				067E8B0C2ADAEEF900203F27 /* FirebaseInstallations in Frameworks */,
			);
			runOnlyForDeploymentPostprocessing = 0;
		};
		067E8AC42ADAE91F00203F27 /* Frameworks */ = {
			isa = PBXFrameworksBuildPhase;
			buildActionMask = 2147483647;
			files = (
			);
			runOnlyForDeploymentPostprocessing = 0;
		};
		067E8ACE2ADAE91F00203F27 /* Frameworks */ = {
			isa = PBXFrameworksBuildPhase;
			buildActionMask = 2147483647;
			files = (
			);
			runOnlyForDeploymentPostprocessing = 0;
		};
/* End PBXFrameworksBuildPhase section */

/* Begin PBXGroup section */
		067E8AAE2ADAE91C00203F27 = {
			isa = PBXGroup;
			children = (
				067E8AB92ADAE91C00203F27 /* DCARB */,
				067E8ACA2ADAE91F00203F27 /* DCARBTests */,
				067E8AD42ADAE91F00203F27 /* DCARBUITests */,
				067E8AB82ADAE91C00203F27 /* Products */,
			);
			sourceTree = "<group>";
		};
		067E8AB82ADAE91C00203F27 /* Products */ = {
			isa = PBXGroup;
			children = (
				067E8AB72ADAE91C00203F27 /* DCARB.app */,
				067E8AC72ADAE91F00203F27 /* DCARBTests.xctest */,
				067E8AD12ADAE91F00203F27 /* DCARBUITests.xctest */,
			);
			name = Products;
			sourceTree = "<group>";
		};
		067E8AB92ADAE91C00203F27 /* DCARB */ = {
			isa = PBXGroup;
			children = (
				067E8ABA2ADAE91C00203F27 /* DCARBApp.swift */,
				067E8B1B2ADAF01500203F27 /* ContentView.swift */,
				067E8ABE2ADAE91F00203F27 /* Assets.xcassets */,
				067E8AC02ADAE91F00203F27 /* Preview Content */,
			);
			path = DCARB;
			sourceTree = "<group>";
		};
		067E8AC02ADAE91F00203F27 /* Preview Content */ = {
			isa = PBXGroup;
			children = (
				067E8AC12ADAE91F00203F27 /* Preview Assets.xcassets */,
			);
			path = "Preview Content";
			sourceTree = "<group>";
		};
		067E8ACA2ADAE91F00203F27 /* DCARBTests */ = {
			isa = PBXGroup;
			children = (
				067E8ACB2ADAE91F00203F27 /* DCARBTests.swift */,
			);
			path = DCARBTests;
			sourceTree = "<group>";
		};
		067E8AD42ADAE91F00203F27 /* DCARBUITests */ = {
			isa = PBXGroup;
			children = (
				067E8AD52ADAE91F00203F27 /* DCARBUITests.swift */,
				067E8AD72ADAE91F00203F27 /* DCARBUITestsLaunchTests.swift */,
			);
			path = DCARBUITests;
			sourceTree = "<group>";
		};
/* End PBXGroup section */

/* Begin PBXNativeTarget section */
		067E8AB62ADAE91C00203F27 /* DCARB */ = {
			isa = PBXNativeTarget;
			buildConfigurationList = 067E8ADB2ADAE91F00203F27 /* Build configuration list for PBXNativeTarget "DCARB" */;
			buildPhases = (
				067E8AB32ADAE91C00203F27 /* Sources */,
				067E8AB42ADAE91C00203F27 /* Frameworks */,
				067E8AB52ADAE91C00203F27 /* Resources */,
			);
			buildRules = (
			);
			dependencies = (
			);
			name = DCARB;
			packageProductDependencies = (
				067E8AE52ADAEEF900203F27 /* FirebaseAnalytics */,
				067E8AE72ADAEEF900203F27 /* FirebaseAnalyticsOnDeviceConversion */,
				067E8AE92ADAEEF900203F27 /* FirebaseAnalyticsSwift */,
				067E8AEB2ADAEEF900203F27 /* FirebaseAnalyticsWithoutAdIdSupport */,
				067E8AED2ADAEEF900203F27 /* FirebaseAppCheck */,
				067E8AEF2ADAEEF900203F27 /* FirebaseAppDistribution-Beta */,
				067E8AF12ADAEEF900203F27 /* FirebaseAuth */,
				067E8AF32ADAEEF900203F27 /* FirebaseAuthCombine-Community */,
				067E8AF52ADAEEF900203F27 /* FirebaseCrashlytics */,
				067E8AF72ADAEEF900203F27 /* FirebaseDatabase */,
				067E8AF92ADAEEF900203F27 /* FirebaseDatabaseSwift */,
				067E8AFB2ADAEEF900203F27 /* FirebaseDynamicLinks */,
				067E8AFD2ADAEEF900203F27 /* FirebaseFirestore */,
				067E8AFF2ADAEEF900203F27 /* FirebaseFirestoreCombine-Community */,
				067E8B012ADAEEF900203F27 /* FirebaseFirestoreSwift */,
				067E8B032ADAEEF900203F27 /* FirebaseFunctions */,
				067E8B052ADAEEF900203F27 /* FirebaseFunctionsCombine-Community */,
				067E8B072ADAEEF900203F27 /* FirebaseInAppMessaging-Beta */,
				067E8B092ADAEEF900203F27 /* FirebaseInAppMessagingSwift-Beta */,
				067E8B0B2ADAEEF900203F27 /* FirebaseInstallations */,
				067E8B0D2ADAEEF900203F27 /* FirebaseMLModelDownloader */,
				067E8B0F2ADAEEF900203F27 /* FirebaseMessaging */,
				067E8B112ADAEEF900203F27 /* FirebasePerformance */,
				067E8B132ADAEEF900203F27 /* FirebaseRemoteConfig */,
				067E8B152ADAEEF900203F27 /* FirebaseRemoteConfigSwift */,
				067E8B172ADAEEF900203F27 /* FirebaseStorage */,
				067E8B192ADAEEF900203F27 /* FirebaseStorageCombine-Community */,
			);
			productName = DCARB;
			productReference = 067E8AB72ADAE91C00203F27 /* DCARB.app */;
			productType = "com.apple.product-type.application";
		};
		067E8AC62ADAE91F00203F27 /* DCARBTests */ = {
			isa = PBXNativeTarget;
			buildConfigurationList = 067E8ADE2ADAE91F00203F27 /* Build configuration list for PBXNativeTarget "DCARBTests" */;
			buildPhases = (
				067E8AC32ADAE91F00203F27 /* Sources */,
				067E8AC42ADAE91F00203F27 /* Frameworks */,
				067E8AC52ADAE91F00203F27 /* Resources */,
			);
			buildRules = (
			);
			dependencies = (
				067E8AC92ADAE91F00203F27 /* PBXTargetDependency */,
			);
			name = DCARBTests;
			productName = DCARBTests;
			productReference = 067E8AC72ADAE91F00203F27 /* DCARBTests.xctest */;
			productType = "com.apple.product-type.bundle.unit-test";
		};
		067E8AD02ADAE91F00203F27 /* DCARBUITests */ = {
			isa = PBXNativeTarget;
			buildConfigurationList = 067E8AE12ADAE91F00203F27 /* Build configuration list for PBXNativeTarget "DCARBUITests" */;
			buildPhases = (
				067E8ACD2ADAE91F00203F27 /* Sources */,
				067E8ACE2ADAE91F00203F27 /* Frameworks */,
				067E8ACF2ADAE91F00203F27 /* Resources */,
			);
			buildRules = (
			);
			dependencies = (
				067E8AD32ADAE91F00203F27 /* PBXTargetDependency */,
			);
			name = DCARBUITests;
			productName = DCARBUITests;
			productReference = 067E8AD12ADAE91F00203F27 /* DCARBUITests.xctest */;
			productType = "com.apple.product-type.bundle.ui-testing";
		};
/* End PBXNativeTarget section */

/* Begin PBXProject section */
		067E8AAF2ADAE91C00203F27 /* Project object */ = {
			isa = PBXProject;
			attributes = {
				BuildIndependentTargetsInParallel = 1;
				LastSwiftUpdateCheck = 1430;
				LastUpgradeCheck = 1430;
				TargetAttributes = {
					067E8AB62ADAE91C00203F27 = {
						CreatedOnToolsVersion = 14.3.1;
					};
					067E8AC62ADAE91F00203F27 = {
						CreatedOnToolsVersion = 14.3.1;
						TestTargetID = 067E8AB62ADAE91C00203F27;
					};
					067E8AD02ADAE91F00203F27 = {
						CreatedOnToolsVersion = 14.3.1;
						TestTargetID = 067E8AB62ADAE91C00203F27;
					};
				};
			};
			buildConfigurationList = 067E8AB22ADAE91C00203F27 /* Build configuration list for PBXProject "DCARB" */;
			compatibilityVersion = "Xcode 14.0";
			developmentRegion = en;
			hasScannedForEncodings = 0;
			knownRegions = (
				en,
				Base,
			);
			mainGroup = 067E8AAE2ADAE91C00203F27;
			packageReferences = (
				067E8AE42ADAEEF900203F27 /* XCRemoteSwiftPackageReference "firebase-ios-sdk" */,
			);
			productRefGroup = 067E8AB82ADAE91C00203F27 /* Products */;
			projectDirPath = "";
			projectRoot = "";
			targets = (
				067E8AB62ADAE91C00203F27 /* DCARB */,
				067E8AC62ADAE91F00203F27 /* DCARBTests */,
				067E8AD02ADAE91F00203F27 /* DCARBUITests */,
			);
		};
/* End PBXProject section */

/* Begin PBXResourcesBuildPhase section */
		067E8AB52ADAE91C00203F27 /* Resources */ = {
			isa = PBXResourcesBuildPhase;
			buildActionMask = 2147483647;
			files = (
				067E8AC22ADAE91F00203F27 /* Preview Assets.xcassets in Resources */,
				067E8ABF2ADAE91F00203F27 /* Assets.xcassets in Resources */,
			);
			runOnlyForDeploymentPostprocessing = 0;
		};
		067E8AC52ADAE91F00203F27 /* Resources */ = {
			isa = PBXResourcesBuildPhase;
			buildActionMask = 2147483647;
			files = (
			);
			runOnlyForDeploymentPostprocessing = 0;
		};
		067E8ACF2ADAE91F00203F27 /* Resources */ = {
			isa = PBXResourcesBuildPhase;
			buildActionMask = 2147483647;
			files = (
			);
			runOnlyForDeploymentPostprocessing = 0;
		};
/* End PBXResourcesBuildPhase section */

/* Begin PBXSourcesBuildPhase section */
		067E8AB32ADAE91C00203F27 /* Sources */ = {
			isa = PBXSourcesBuildPhase;
			buildActionMask = 2147483647;
			files = (
				067E8B1C2ADAF01500203F27 /* ContentView.swift in Sources */,
				067E8ABB2ADAE91C00203F27 /* DCARBApp.swift in Sources */,
			);
			runOnlyForDeploymentPostprocessing = 0;
		};
		067E8AC32ADAE91F00203F27 /* Sources */ = {
			isa = PBXSourcesBuildPhase;
			buildActionMask = 2147483647;
			files = (
				067E8ACC2ADAE91F00203F27 /* DCARBTests.swift in Sources */,
			);
			runOnlyForDeploymentPostprocessing = 0;
		};
		067E8ACD2ADAE91F00203F27 /* Sources */ = {
			isa = PBXSourcesBuildPhase;
			buildActionMask = 2147483647;
			files = (
				067E8AD62ADAE91F00203F27 /* DCARBUITests.swift in Sources */,
				067E8AD82ADAE91F00203F27 /* DCARBUITestsLaunchTests.swift in Sources */,
			);
			runOnlyForDeploymentPostprocessing = 0;
		};
/* End PBXSourcesBuildPhase section */

/* Begin PBXTargetDependency section */
		067E8AC92ADAE91F00203F27 /* PBXTargetDependency */ = {
			isa = PBXTargetDependency;
			target = 067E8AB62ADAE91C00203F27 /* DCARB */;
			targetProxy = 067E8AC82ADAE91F00203F27 /* PBXContainerItemProxy */;
		};
		067E8AD32ADAE91F00203F27 /* PBXTargetDependency */ = {
			isa = PBXTargetDependency;
			target = 067E8AB62ADAE91C00203F27 /* DCARB */;
			targetProxy = 067E8AD22ADAE91F00203F27 /* PBXContainerItemProxy */;
		};
/* End PBXTargetDependency section */

/* Begin XCBuildConfiguration section */
		067E8AD92ADAE91F00203F27 /* Debug */ = {
			isa = XCBuildConfiguration;
			buildSettings = {
				ALWAYS_SEARCH_USER_PATHS = NO;
				CLANG_ANALYZER_NONNULL = YES;
				CLANG_ANALYZER_NUMBER_OBJECT_CONVERSION = YES_AGGRESSIVE;
				CLANG_CXX_LANGUAGE_STANDARD = "gnu++20";
				CLANG_ENABLE_MODULES = YES;
				CLANG_ENABLE_OBJC_ARC = YES;
				CLANG_ENABLE_OBJC_WEAK = YES;
				CLANG_WARN_BLOCK_CAPTURE_AUTORELEASING = YES;
				CLANG_WARN_BOOL_CONVERSION = YES;
				CLANG_WARN_COMMA = YES;
				CLANG_WARN_CONSTANT_CONVERSION = YES;
				CLANG_WARN_DEPRECATED_OBJC_IMPLEMENTATIONS = YES;
				CLANG_WARN_DIRECT_OBJC_ISA_USAGE = YES_ERROR;
				CLANG_WARN_DOCUMENTATION_COMMENTS = YES;
				CLANG_WARN_EMPTY_BODY = YES;
				CLANG_WARN_ENUM_CONVERSION = YES;
				CLANG_WARN_INFINITE_RECURSION = YES;
				CLANG_WARN_INT_CONVERSION = YES;
				CLANG_WARN_NON_LITERAL_NULL_CONVERSION = YES;
				CLANG_WARN_OBJC_IMPLICIT_RETAIN_SELF = YES;
				CLANG_WARN_OBJC_LITERAL_CONVERSION = YES;
				CLANG_WARN_OBJC_ROOT_CLASS = YES_ERROR;
				CLANG_WARN_QUOTED_INCLUDE_IN_FRAMEWORK_HEADER = YES;
				CLANG_WARN_RANGE_LOOP_ANALYSIS = YES;
				CLANG_WARN_STRICT_PROTOTYPES = YES;
				CLANG_WARN_SUSPICIOUS_MOVE = YES;
				CLANG_WARN_UNGUARDED_AVAILABILITY = YES_AGGRESSIVE;
				CLANG_WARN_UNREACHABLE_CODE = YES;
				CLANG_WARN__DUPLICATE_METHOD_MATCH = YES;
				COPY_PHASE_STRIP = NO;
				DEBUG_INFORMATION_FORMAT = dwarf;
				ENABLE_STRICT_OBJC_MSGSEND = YES;
				ENABLE_TESTABILITY = YES;
				GCC_C_LANGUAGE_STANDARD = gnu11;
				GCC_DYNAMIC_NO_PIC = NO;
				GCC_NO_COMMON_BLOCKS = YES;
				GCC_OPTIMIZATION_LEVEL = 0;
				GCC_PREPROCESSOR_DEFINITIONS = (
					"DEBUG=1",
					"$(inherited)",
				);
				GCC_WARN_64_TO_32_BIT_CONVERSION = YES;
				GCC_WARN_ABOUT_RETURN_TYPE = YES_ERROR;
				GCC_WARN_UNDECLARED_SELECTOR = YES;
				GCC_WARN_UNINITIALIZED_AUTOS = YES_AGGRESSIVE;
				GCC_WARN_UNUSED_FUNCTION = YES;
				GCC_WARN_UNUSED_VARIABLE = YES;
				IPHONEOS_DEPLOYMENT_TARGET = 16.4;
				MTL_ENABLE_DEBUG_INFO = INCLUDE_SOURCE;
				MTL_FAST_MATH = YES;
				ONLY_ACTIVE_ARCH = YES;
				SDKROOT = iphoneos;
				SWIFT_ACTIVE_COMPILATION_CONDITIONS = DEBUG;
				SWIFT_OPTIMIZATION_LEVEL = "-Onone";
			};
			name = Debug;
		};
		067E8ADA2ADAE91F00203F27 /* Release */ = {
			isa = XCBuildConfiguration;
			buildSettings = {
				ALWAYS_SEARCH_USER_PATHS = NO;
				CLANG_ANALYZER_NONNULL = YES;
				CLANG_ANALYZER_NUMBER_OBJECT_CONVERSION = YES_AGGRESSIVE;
				CLANG_CXX_LANGUAGE_STANDARD = "gnu++20";
				CLANG_ENABLE_MODULES = YES;
				CLANG_ENABLE_OBJC_ARC = YES;
				CLANG_ENABLE_OBJC_WEAK = YES;
				CLANG_WARN_BLOCK_CAPTURE_AUTORELEASING = YES;
				CLANG_WARN_BOOL_CONVERSION = YES;
				CLANG_WARN_COMMA = YES;
				CLANG_WARN_CONSTANT_CONVERSION = YES;
				CLANG_WARN_DEPRECATED_OBJC_IMPLEMENTATIONS = YES;
				CLANG_WARN_DIRECT_OBJC_ISA_USAGE = YES_ERROR;
				CLANG_WARN_DOCUMENTATION_COMMENTS = YES;
				CLANG_WARN_EMPTY_BODY = YES;
				CLANG_WARN_ENUM_CONVERSION = YES;
				CLANG_WARN_INFINITE_RECURSION = YES;
				CLANG_WARN_INT_CONVERSION = YES;
				CLANG_WARN_NON_LITERAL_NULL_CONVERSION = YES;
				CLANG_WARN_OBJC_IMPLICIT_RETAIN_SELF = YES;
				CLANG_WARN_OBJC_LITERAL_CONVERSION = YES;
				CLANG_WARN_OBJC_ROOT_CLASS = YES_ERROR;
				CLANG_WARN_QUOTED_INCLUDE_IN_FRAMEWORK_HEADER = YES;
				CLANG_WARN_RANGE_LOOP_ANALYSIS = YES;
				CLANG_WARN_STRICT_PROTOTYPES = YES;
				CLANG_WARN_SUSPICIOUS_MOVE = YES;
				CLANG_WARN_UNGUARDED_AVAILABILITY = YES_AGGRESSIVE;
				CLANG_WARN_UNREACHABLE_CODE = YES;
				CLANG_WARN__DUPLICATE_METHOD_MATCH = YES;
				COPY_PHASE_STRIP = NO;
				DEBUG_INFORMATION_FORMAT = "dwarf-with-dsym";
				ENABLE_NS_ASSERTIONS = NO;
				ENABLE_STRICT_OBJC_MSGSEND = YES;
				GCC_C_LANGUAGE_STANDARD = gnu11;
				GCC_NO_COMMON_BLOCKS = YES;
				GCC_WARN_64_TO_32_BIT_CONVERSION = YES;
				GCC_WARN_ABOUT_RETURN_TYPE = YES_ERROR;
				GCC_WARN_UNDECLARED_SELECTOR = YES;
				GCC_WARN_UNINITIALIZED_AUTOS = YES_AGGRESSIVE;
				GCC_WARN_UNUSED_FUNCTION = YES;
				GCC_WARN_UNUSED_VARIABLE = YES;
				IPHONEOS_DEPLOYMENT_TARGET = 16.4;
				MTL_ENABLE_DEBUG_INFO = NO;
				MTL_FAST_MATH = YES;
				SDKROOT = iphoneos;
				SWIFT_COMPILATION_MODE = wholemodule;
				SWIFT_OPTIMIZATION_LEVEL = "-O";
				VALIDATE_PRODUCT = YES;
			};
			name = Release;
		};
		067E8ADC2ADAE91F00203F27 /* Debug */ = {
			isa = XCBuildConfiguration;
			buildSettings = {
				ASSETCATALOG_COMPILER_APPICON_NAME = AppIcon;
				ASSETCATALOG_COMPILER_GLOBAL_ACCENT_COLOR_NAME = AccentColor;
				CODE_SIGN_STYLE = Automatic;
				CURRENT_PROJECT_VERSION = 1;
				DEVELOPMENT_ASSET_PATHS = "\"DCARB/Preview Content\"";
				DEVELOPMENT_TEAM = 8QH9YSPT6R;
				ENABLE_PREVIEWS = YES;
				GENERATE_INFOPLIST_FILE = YES;
				INFOPLIST_KEY_UIApplicationSceneManifest_Generation = YES;
				INFOPLIST_KEY_UIApplicationSupportsIndirectInputEvents = YES;
				INFOPLIST_KEY_UILaunchScreen_Generation = YES;
				INFOPLIST_KEY_UISupportedInterfaceOrientations_iPad = "UIInterfaceOrientationPortrait UIInterfaceOrientationPortraitUpsideDown UIInterfaceOrientationLandscapeLeft UIInterfaceOrientationLandscapeRight";
				INFOPLIST_KEY_UISupportedInterfaceOrientations_iPhone = "UIInterfaceOrientationPortrait UIInterfaceOrientationLandscapeLeft UIInterfaceOrientationLandscapeRight";
				LD_RUNPATH_SEARCH_PATHS = (
					"$(inherited)",
					"@executable_path/Frameworks",
				);
				MARKETING_VERSION = 1.0;
				PRODUCT_BUNDLE_IDENTIFIER = Nanda.DCARB;
				PRODUCT_NAME = "$(TARGET_NAME)";
				SWIFT_EMIT_LOC_STRINGS = YES;
				SWIFT_VERSION = 5.0;
				TARGETED_DEVICE_FAMILY = "1,2";
			};
			name = Debug;
		};
		067E8ADD2ADAE91F00203F27 /* Release */ = {
			isa = XCBuildConfiguration;
			buildSettings = {
				ASSETCATALOG_COMPILER_APPICON_NAME = AppIcon;
				ASSETCATALOG_COMPILER_GLOBAL_ACCENT_COLOR_NAME = AccentColor;
				CODE_SIGN_STYLE = Automatic;
				CURRENT_PROJECT_VERSION = 1;
				DEVELOPMENT_ASSET_PATHS = "\"DCARB/Preview Content\"";
				DEVELOPMENT_TEAM = 8QH9YSPT6R;
				ENABLE_PREVIEWS = YES;
				GENERATE_INFOPLIST_FILE = YES;
				INFOPLIST_KEY_UIApplicationSceneManifest_Generation = YES;
				INFOPLIST_KEY_UIApplicationSupportsIndirectInputEvents = YES;
				INFOPLIST_KEY_UILaunchScreen_Generation = YES;
				INFOPLIST_KEY_UISupportedInterfaceOrientations_iPad = "UIInterfaceOrientationPortrait UIInterfaceOrientationPortraitUpsideDown UIInterfaceOrientationLandscapeLeft UIInterfaceOrientationLandscapeRight";
				INFOPLIST_KEY_UISupportedInterfaceOrientations_iPhone = "UIInterfaceOrientationPortrait UIInterfaceOrientationLandscapeLeft UIInterfaceOrientationLandscapeRight";
				LD_RUNPATH_SEARCH_PATHS = (
					"$(inherited)",
					"@executable_path/Frameworks",
				);
				MARKETING_VERSION = 1.0;
				PRODUCT_BUNDLE_IDENTIFIER = Nanda.DCARB;
				PRODUCT_NAME = "$(TARGET_NAME)";
				SWIFT_EMIT_LOC_STRINGS = YES;
				SWIFT_VERSION = 5.0;
				TARGETED_DEVICE_FAMILY = "1,2";
			};
			name = Release;
		};
		067E8ADF2ADAE91F00203F27 /* Debug */ = {
			isa = XCBuildConfiguration;
			buildSettings = {
				ALWAYS_EMBED_SWIFT_STANDARD_LIBRARIES = YES;
				BUNDLE_LOADER = "$(TEST_HOST)";
				CODE_SIGN_STYLE = Automatic;
				CURRENT_PROJECT_VERSION = 1;
				DEVELOPMENT_TEAM = 8QH9YSPT6R;
				GENERATE_INFOPLIST_FILE = YES;
				IPHONEOS_DEPLOYMENT_TARGET = 16.4;
				MARKETING_VERSION = 1.0;
				PRODUCT_BUNDLE_IDENTIFIER = Nanda.DCARBTests;
				PRODUCT_NAME = "$(TARGET_NAME)";
				SWIFT_EMIT_LOC_STRINGS = NO;
				SWIFT_VERSION = 5.0;
				TARGETED_DEVICE_FAMILY = "1,2";
				TEST_HOST = "$(BUILT_PRODUCTS_DIR)/DCARB.app/$(BUNDLE_EXECUTABLE_FOLDER_PATH)/DCARB";
			};
			name = Debug;
		};
		067E8AE02ADAE91F00203F27 /* Release */ = {
			isa = XCBuildConfiguration;
			buildSettings = {
				ALWAYS_EMBED_SWIFT_STANDARD_LIBRARIES = YES;
				BUNDLE_LOADER = "$(TEST_HOST)";
				CODE_SIGN_STYLE = Automatic;
				CURRENT_PROJECT_VERSION = 1;
				DEVELOPMENT_TEAM = 8QH9YSPT6R;
				GENERATE_INFOPLIST_FILE = YES;
				IPHONEOS_DEPLOYMENT_TARGET = 16.4;
				MARKETING_VERSION = 1.0;
				PRODUCT_BUNDLE_IDENTIFIER = Nanda.DCARBTests;
				PRODUCT_NAME = "$(TARGET_NAME)";
				SWIFT_EMIT_LOC_STRINGS = NO;
				SWIFT_VERSION = 5.0;
				TARGETED_DEVICE_FAMILY = "1,2";
				TEST_HOST = "$(BUILT_PRODUCTS_DIR)/DCARB.app/$(BUNDLE_EXECUTABLE_FOLDER_PATH)/DCARB";
			};
			name = Release;
		};
		067E8AE22ADAE91F00203F27 /* Debug */ = {
			isa = XCBuildConfiguration;
			buildSettings = {
				ALWAYS_EMBED_SWIFT_STANDARD_LIBRARIES = YES;
				CODE_SIGN_STYLE = Automatic;
				CURRENT_PROJECT_VERSION = 1;
				DEVELOPMENT_TEAM = 8QH9YSPT6R;
				GENERATE_INFOPLIST_FILE = YES;
				MARKETING_VERSION = 1.0;
				PRODUCT_BUNDLE_IDENTIFIER = Nanda.DCARBUITests;
				PRODUCT_NAME = "$(TARGET_NAME)";
				SWIFT_EMIT_LOC_STRINGS = NO;
				SWIFT_VERSION = 5.0;
				TARGETED_DEVICE_FAMILY = "1,2";
				TEST_TARGET_NAME = DCARB;
			};
			name = Debug;
		};
		067E8AE32ADAE91F00203F27 /* Release */ = {
			isa = XCBuildConfiguration;
			buildSettings = {
				ALWAYS_EMBED_SWIFT_STANDARD_LIBRARIES = YES;
				CODE_SIGN_STYLE = Automatic;
				CURRENT_PROJECT_VERSION = 1;
				DEVELOPMENT_TEAM = 8QH9YSPT6R;
				GENERATE_INFOPLIST_FILE = YES;
				MARKETING_VERSION = 1.0;
				PRODUCT_BUNDLE_IDENTIFIER = Nanda.DCARBUITests;
				PRODUCT_NAME = "$(TARGET_NAME)";
				SWIFT_EMIT_LOC_STRINGS = NO;
				SWIFT_VERSION = 5.0;
				TARGETED_DEVICE_FAMILY = "1,2";
				TEST_TARGET_NAME = DCARB;
			};
			name = Release;
		};
/* End XCBuildConfiguration section */

/* Begin XCConfigurationList section */
		067E8AB22ADAE91C00203F27 /* Build configuration list for PBXProject "DCARB" */ = {
			isa = XCConfigurationList;
			buildConfigurations = (
				067E8AD92ADAE91F00203F27 /* Debug */,
				067E8ADA2ADAE91F00203F27 /* Release */,
			);
			defaultConfigurationIsVisible = 0;
			defaultConfigurationName = Release;
		};
		067E8ADB2ADAE91F00203F27 /* Build configuration list for PBXNativeTarget "DCARB" */ = {
			isa = XCConfigurationList;
			buildConfigurations = (
				067E8ADC2ADAE91F00203F27 /* Debug */,
				067E8ADD2ADAE91F00203F27 /* Release */,
			);
			defaultConfigurationIsVisible = 0;
			defaultConfigurationName = Release;
		};
		067E8ADE2ADAE91F00203F27 /* Build configuration list for PBXNativeTarget "DCARBTests" */ = {
			isa = XCConfigurationList;
			buildConfigurations = (
				067E8ADF2ADAE91F00203F27 /* Debug */,
				067E8AE02ADAE91F00203F27 /* Release */,
			);
			defaultConfigurationIsVisible = 0;
			defaultConfigurationName = Release;
		};
		067E8AE12ADAE91F00203F27 /* Build configuration list for PBXNativeTarget "DCARBUITests" */ = {
			isa = XCConfigurationList;
			buildConfigurations = (
				067E8AE22ADAE91F00203F27 /* Debug */,
				067E8AE32ADAE91F00203F27 /* Release */,
			);
			defaultConfigurationIsVisible = 0;
			defaultConfigurationName = Release;
		};
/* End XCConfigurationList section */

/* Begin XCRemoteSwiftPackageReference section */
		067E8AE42ADAEEF900203F27 /* XCRemoteSwiftPackageReference "firebase-ios-sdk" */ = {
			isa = XCRemoteSwiftPackageReference;
			repositoryURL = "https://github.com/firebase/firebase-ios-sdk.git";
			requirement = {
				kind = upToNextMajorVersion;
				minimumVersion = 10.0.0;
			};
		};
/* End XCRemoteSwiftPackageReference section */

/* Begin XCSwiftPackageProductDependency section */
		067E8AE52ADAEEF900203F27 /* FirebaseAnalytics */ = {
			isa = XCSwiftPackageProductDependency;
			package = 067E8AE42ADAEEF900203F27 /* XCRemoteSwiftPackageReference "firebase-ios-sdk" */;
			productName = FirebaseAnalytics;
		};
		067E8AE72ADAEEF900203F27 /* FirebaseAnalyticsOnDeviceConversion */ = {
			isa = XCSwiftPackageProductDependency;
			package = 067E8AE42ADAEEF900203F27 /* XCRemoteSwiftPackageReference "firebase-ios-sdk" */;
			productName = FirebaseAnalyticsOnDeviceConversion;
		};
		067E8AE92ADAEEF900203F27 /* FirebaseAnalyticsSwift */ = {
			isa = XCSwiftPackageProductDependency;
			package = 067E8AE42ADAEEF900203F27 /* XCRemoteSwiftPackageReference "firebase-ios-sdk" */;
			productName = FirebaseAnalyticsSwift;
		};
		067E8AEB2ADAEEF900203F27 /* FirebaseAnalyticsWithoutAdIdSupport */ = {
			isa = XCSwiftPackageProductDependency;
			package = 067E8AE42ADAEEF900203F27 /* XCRemoteSwiftPackageReference "firebase-ios-sdk" */;
			productName = FirebaseAnalyticsWithoutAdIdSupport;
		};
		067E8AED2ADAEEF900203F27 /* FirebaseAppCheck */ = {
			isa = XCSwiftPackageProductDependency;
			package = 067E8AE42ADAEEF900203F27 /* XCRemoteSwiftPackageReference "firebase-ios-sdk" */;
			productName = FirebaseAppCheck;
		};
		067E8AEF2ADAEEF900203F27 /* FirebaseAppDistribution-Beta */ = {
			isa = XCSwiftPackageProductDependency;
			package = 067E8AE42ADAEEF900203F27 /* XCRemoteSwiftPackageReference "firebase-ios-sdk" */;
			productName = "FirebaseAppDistribution-Beta";
		};
		067E8AF12ADAEEF900203F27 /* FirebaseAuth */ = {
			isa = XCSwiftPackageProductDependency;
			package = 067E8AE42ADAEEF900203F27 /* XCRemoteSwiftPackageReference "firebase-ios-sdk" */;
			productName = FirebaseAuth;
		};
		067E8AF32ADAEEF900203F27 /* FirebaseAuthCombine-Community */ = {
			isa = XCSwiftPackageProductDependency;
			package = 067E8AE42ADAEEF900203F27 /* XCRemoteSwiftPackageReference "firebase-ios-sdk" */;
			productName = "FirebaseAuthCombine-Community";
		};
		067E8AF52ADAEEF900203F27 /* FirebaseCrashlytics */ = {
			isa = XCSwiftPackageProductDependency;
			package = 067E8AE42ADAEEF900203F27 /* XCRemoteSwiftPackageReference "firebase-ios-sdk" */;
			productName = FirebaseCrashlytics;
		};
		067E8AF72ADAEEF900203F27 /* FirebaseDatabase */ = {
			isa = XCSwiftPackageProductDependency;
			package = 067E8AE42ADAEEF900203F27 /* XCRemoteSwiftPackageReference "firebase-ios-sdk" */;
			productName = FirebaseDatabase;
		};
		067E8AF92ADAEEF900203F27 /* FirebaseDatabaseSwift */ = {
			isa = XCSwiftPackageProductDependency;
			package = 067E8AE42ADAEEF900203F27 /* XCRemoteSwiftPackageReference "firebase-ios-sdk" */;
			productName = FirebaseDatabaseSwift;
		};
		067E8AFB2ADAEEF900203F27 /* FirebaseDynamicLinks */ = {
			isa = XCSwiftPackageProductDependency;
			package = 067E8AE42ADAEEF900203F27 /* XCRemoteSwiftPackageReference "firebase-ios-sdk" */;
			productName = FirebaseDynamicLinks;
		};
		067E8AFD2ADAEEF900203F27 /* FirebaseFirestore */ = {
			isa = XCSwiftPackageProductDependency;
			package = 067E8AE42ADAEEF900203F27 /* XCRemoteSwiftPackageReference "firebase-ios-sdk" */;
			productName = FirebaseFirestore;
		};
		067E8AFF2ADAEEF900203F27 /* FirebaseFirestoreCombine-Community */ = {
			isa = XCSwiftPackageProductDependency;
			package = 067E8AE42ADAEEF900203F27 /* XCRemoteSwiftPackageReference "firebase-ios-sdk" */;
			productName = "FirebaseFirestoreCombine-Community";
		};
		067E8B012ADAEEF900203F27 /* FirebaseFirestoreSwift */ = {
			isa = XCSwiftPackageProductDependency;
			package = 067E8AE42ADAEEF900203F27 /* XCRemoteSwiftPackageReference "firebase-ios-sdk" */;
			productName = FirebaseFirestoreSwift;
		};
		067E8B032ADAEEF900203F27 /* FirebaseFunctions */ = {
			isa = XCSwiftPackageProductDependency;
			package = 067E8AE42ADAEEF900203F27 /* XCRemoteSwiftPackageReference "firebase-ios-sdk" */;
			productName = FirebaseFunctions;
		};
		067E8B052ADAEEF900203F27 /* FirebaseFunctionsCombine-Community */ = {
			isa = XCSwiftPackageProductDependency;
			package = 067E8AE42ADAEEF900203F27 /* XCRemoteSwiftPackageReference "firebase-ios-sdk" */;
			productName = "FirebaseFunctionsCombine-Community";
		};
		067E8B072ADAEEF900203F27 /* FirebaseInAppMessaging-Beta */ = {
			isa = XCSwiftPackageProductDependency;
			package = 067E8AE42ADAEEF900203F27 /* XCRemoteSwiftPackageReference "firebase-ios-sdk" */;
			productName = "FirebaseInAppMessaging-Beta";
		};
		067E8B092ADAEEF900203F27 /* FirebaseInAppMessagingSwift-Beta */ = {
			isa = XCSwiftPackageProductDependency;
			package = 067E8AE42ADAEEF900203F27 /* XCRemoteSwiftPackageReference "firebase-ios-sdk" */;
			productName = "FirebaseInAppMessagingSwift-Beta";
		};
		067E8B0B2ADAEEF900203F27 /* FirebaseInstallations */ = {
			isa = XCSwiftPackageProductDependency;
			package = 067E8AE42ADAEEF900203F27 /* XCRemoteSwiftPackageReference "firebase-ios-sdk" */;
			productName = FirebaseInstallations;
		};
		067E8B0D2ADAEEF900203F27 /* FirebaseMLModelDownloader */ = {
			isa = XCSwiftPackageProductDependency;
			package = 067E8AE42ADAEEF900203F27 /* XCRemoteSwiftPackageReference "firebase-ios-sdk" */;
			productName = FirebaseMLModelDownloader;
		};
		067E8B0F2ADAEEF900203F27 /* FirebaseMessaging */ = {
			isa = XCSwiftPackageProductDependency;
			package = 067E8AE42ADAEEF900203F27 /* XCRemoteSwiftPackageReference "firebase-ios-sdk" */;
			productName = FirebaseMessaging;
		};
		067E8B112ADAEEF900203F27 /* FirebasePerformance */ = {
			isa = XCSwiftPackageProductDependency;
			package = 067E8AE42ADAEEF900203F27 /* XCRemoteSwiftPackageReference "firebase-ios-sdk" */;
			productName = FirebasePerformance;
		};
		067E8B132ADAEEF900203F27 /* FirebaseRemoteConfig */ = {
			isa = XCSwiftPackageProductDependency;
			package = 067E8AE42ADAEEF900203F27 /* XCRemoteSwiftPackageReference "firebase-ios-sdk" */;
			productName = FirebaseRemoteConfig;
		};
		067E8B152ADAEEF900203F27 /* FirebaseRemoteConfigSwift */ = {
			isa = XCSwiftPackageProductDependency;
			package = 067E8AE42ADAEEF900203F27 /* XCRemoteSwiftPackageReference "firebase-ios-sdk" */;
			productName = FirebaseRemoteConfigSwift;
		};
		067E8B172ADAEEF900203F27 /* FirebaseStorage */ = {
			isa = XCSwiftPackageProductDependency;
			package = 067E8AE42ADAEEF900203F27 /* XCRemoteSwiftPackageReference "firebase-ios-sdk" */;
			productName = FirebaseStorage;
		};
		067E8B192ADAEEF900203F27 /* FirebaseStorageCombine-Community */ = {
			isa = XCSwiftPackageProductDependency;
			package = 067E8AE42ADAEEF900203F27 /* XCRemoteSwiftPackageReference "firebase-ios-sdk" */;
			productName = "FirebaseStorageCombine-Community";
		};
/* End XCSwiftPackageProductDependency section */
	};
	rootObject = 067E8AAF2ADAE91C00203F27 /* Project object */;
}
